
Microsoft Visual Studio Solution File, Format Version 12.00
# Visual Studio Version 16
VisualStudioVersion = 16.0.33423.256
MinimumVisualStudioVersion = 10.0.40219.1
Project("{888888A0-9F3D-457C-B088-3A5042F75D52}") = "DroidFusion", "DroidFusion.pyproj", "{786C1014-2041-41AB-B5D6-136864356775}"
EndProject
Project("{888888A0-9F3D-457C-B088-3A5042F75D52}") = "Datasetting", "..\Datasetting\Datasetting.pyproj", "{0444C216-3772-473A-8E47-0A7F73F3D579}"
EndProject
Project("{2150E333-8FDC-42A3-9474-1A3956D46DE8}") = "Solution Items", "Solution Items", "{9D05737E-1036-4D04-9146-4C3DD3437C36}"
	ProjectSection(SolutionItems) = preProject
		..\DATASET_S_with_Class.xlsx = ..\DATASET_S_with_Class.xlsx
		..\List malwares.xlsx = ..\List malwares.xlsx
	EndProjectSection
EndProject
Global
	GlobalSection(SolutionConfigurationPlatforms) = preSolution
		Debug|Any CPU = Debug|Any CPU
		Release|Any CPU = Release|Any CPU
	EndGlobalSection
	GlobalSection(ProjectConfigurationPlatforms) = postSolution
		{786C1014-2041-41AB-B5D6-136864356775}.Debug|Any CPU.ActiveCfg = Debug|Any CPU
		{786C1014-2041-41AB-B5D6-136864356775}.Release|Any CPU.ActiveCfg = Release|Any CPU
		{0444C216-3772-473A-8E47-0A7F73F3D579}.Debug|Any CPU.ActiveCfg = Debug|Any CPU
		{0444C216-3772-473A-8E47-0A7F73F3D579}.Release|Any CPU.ActiveCfg = Release|Any CPU
	EndGlobalSection
	GlobalSection(SolutionProperties) = preSolution
		HideSolutionNode = FALSE
	EndGlobalSection
	GlobalSection(ExtensibilityGlobals) = postSolution
		SolutionGuid = {20F696B1-4C8D-4B28-A71D-B46312D0F3EE}
	EndGlobalSection
EndGlobal
